
Microsoft Visual Studio Solution File, Format Version 12.00
# Visual Studio 2013
VisualStudioVersion = 12.0.31101.0
MinimumVisualStudioVersion = 10.0.40219.1
Project("{FAE04EC0-301F-11D3-BF4B-00C04F79EFBC}") = "Cielo", "Cielo\Cielo.csproj", "{9529C9AD-E565-43EF-B95E-371172BD19CC}"
EndProject
Project("{FAE04EC0-301F-11D3-BF4B-00C04F79EFBC}") = "Cielo.Tests", "Cielo.Tests\Cielo.Tests.csproj", "{A276D8C7-A16A-4782-BD97-D489E6BE64CE}"
EndProject
Project("{2150E333-8FDC-42A3-9474-1A3956D46DE8}") = ".nuget", ".nuget", "{BC79737B-E47F-4836-90E5-0D0175FC3E65}"
	ProjectSection(SolutionItems) = preProject
		.nuget\NuGet.Config = .nuget\NuGet.Config
		.nuget\NuGet.exe = .nuget\NuGet.exe
		.nuget\NuGet.targets = .nuget\NuGet.targets
	EndProjectSection
EndProject
Project("{2150E333-8FDC-42A3-9474-1A3956D46DE8}") = "Solution Items", "Solution Items", "{B3D160CF-669D-4B45-A0F1-F88877EAC1E1}"
	ProjectSection(SolutionItems) = preProject
		cielo.vssettings = cielo.vssettings
	EndProjectSection
EndProject
Global
	GlobalSection(SolutionConfigurationPlatforms) = preSolution
		Debug|Any CPU = Debug|Any CPU
		Release|Any CPU = Release|Any CPU
	EndGlobalSection
	GlobalSection(ProjectConfigurationPlatforms) = postSolution
		{9529C9AD-E565-43EF-B95E-371172BD19CC}.Debug|Any CPU.ActiveCfg = Debug|Any CPU
		{9529C9AD-E565-43EF-B95E-371172BD19CC}.Debug|Any CPU.Build.0 = Debug|Any CPU
		{9529C9AD-E565-43EF-B95E-371172BD19CC}.Release|Any CPU.ActiveCfg = Release|Any CPU
		{9529C9AD-E565-43EF-B95E-371172BD19CC}.Release|Any CPU.Build.0 = Release|Any CPU
		{A276D8C7-A16A-4782-BD97-D489E6BE64CE}.Debug|Any CPU.ActiveCfg = Debug|Any CPU
		{A276D8C7-A16A-4782-BD97-D489E6BE64CE}.Debug|Any CPU.Build.0 = Debug|Any CPU
		{A276D8C7-A16A-4782-BD97-D489E6BE64CE}.Release|Any CPU.ActiveCfg = Release|Any CPU
		{A276D8C7-A16A-4782-BD97-D489E6BE64CE}.Release|Any CPU.Build.0 = Release|Any CPU
	EndGlobalSection
	GlobalSection(SolutionProperties) = preSolution
		HideSolutionNode = FALSE
	EndGlobalSection
EndGlobal
